
Microsoft Visual Studio Solution File, Format Version 12.00
# Visual Studio Version 17
VisualStudioVersion = 17.11.35208.52
MinimumVisualStudioVersion = 10.0.40219.1
Project("{FAE04EC0-301F-11D3-BF4B-00C04F79EFBC}") = "prueba22", "prueba22.csproj", "{83E1DD71-6E59-4A0F-B8DB-1E6BA56B2F72}"
EndProject
Global
	GlobalSection(SolutionConfigurationPlatforms) = preSolution
		Debug|Any CPU = Debug|Any CPU
		Release|Any CPU = Release|Any CPU
	EndGlobalSection
	GlobalSection(ProjectConfigurationPlatforms) = postSolution
		{83E1DD71-6E59-4A0F-B8DB-1E6BA56B2F72}.Debug|Any CPU.ActiveCfg = Debug|Any CPU
		{83E1DD71-6E59-4A0F-B8DB-1E6BA56B2F72}.Debug|Any CPU.Build.0 = Debug|Any CPU
		{83E1DD71-6E59-4A0F-B8DB-1E6BA56B2F72}.Release|Any CPU.ActiveCfg = Release|Any CPU
		{83E1DD71-6E59-4A0F-B8DB-1E6BA56B2F72}.Release|Any CPU.Build.0 = Release|Any CPU
	EndGlobalSection
	GlobalSection(SolutionProperties) = preSolution
		HideSolutionNode = FALSE
	EndGlobalSection
	GlobalSection(ExtensibilityGlobals) = postSolution
		SolutionGuid = {48EAC11E-63D2-479F-A766-A123531FA1A9}
	EndGlobalSection
EndGlobal
